
Microsoft Visual Studio Solution File, Format Version 12.00
# Visual Studio Version 17
VisualStudioVersion = 17.0.31903.59
MinimumVisualStudioVersion = 10.0.40219.1
Project("{9A19103F-16F7-4668-BE54-9A1E7A4F7556}") = "TournamentSystem.Application", "TournamentSystem.Application\TournamentSystem.Application.csproj", "{DBD79AEF-C40B-442C-A9DF-B220B820F4A3}"
EndProject
Project("{9A19103F-16F7-4668-BE54-9A1E7A4F7556}") = "TournamentSystem.Infrastructure", "TournamentSystem.Infrastructure\TournamentSystem.Infrastructure.csproj", "{F350B309-7B12-4282-9AE0-C417E84DA5BA}"
EndProject
Project("{9A19103F-16F7-4668-BE54-9A1E7A4F7556}") = "TournamentSystem.WebApi", "TournamentSystem.WebApi\TournamentSystem.WebApi.csproj", "{28C7949D-0A92-4DB1-8841-ABCDAD472ACD}"
EndProject
Project("{9A19103F-16F7-4668-BE54-9A1E7A4F7556}") = "TournamentSystem.UnitTests", "TournamentSystem.UnitTests\TournamentSystem.UnitTests.csproj", "{4151E1C0-36E2-4BEF-AA65-95F89E3B8633}"
EndProject
Project("{FAE04EC0-301F-11D3-BF4B-00C04F79EFBC}") = "TournamentSystem.IntegrationTests", "TournamentSystem.IntegrationTests\TournamentSystem.IntegrationTests.csproj", "{A83AF369-C59F-4641-B32F-6EE9B10C9757}"
EndProject
Global
	GlobalSection(SolutionConfigurationPlatforms) = preSolution
		Debug|Any CPU = Debug|Any CPU
		Release|Any CPU = Release|Any CPU
	EndGlobalSection
	GlobalSection(ProjectConfigurationPlatforms) = postSolution
		{DBD79AEF-C40B-442C-A9DF-B220B820F4A3}.Debug|Any CPU.ActiveCfg = Debug|Any CPU
		{DBD79AEF-C40B-442C-A9DF-B220B820F4A3}.Debug|Any CPU.Build.0 = Debug|Any CPU
		{DBD79AEF-C40B-442C-A9DF-B220B820F4A3}.Release|Any CPU.ActiveCfg = Release|Any CPU
		{DBD79AEF-C40B-442C-A9DF-B220B820F4A3}.Release|Any CPU.Build.0 = Release|Any CPU
		{F350B309-7B12-4282-9AE0-C417E84DA5BA}.Debug|Any CPU.ActiveCfg = Debug|Any CPU
		{F350B309-7B12-4282-9AE0-C417E84DA5BA}.Debug|Any CPU.Build.0 = Debug|Any CPU
		{F350B309-7B12-4282-9AE0-C417E84DA5BA}.Release|Any CPU.ActiveCfg = Release|Any CPU
		{F350B309-7B12-4282-9AE0-C417E84DA5BA}.Release|Any CPU.Build.0 = Release|Any CPU
		{28C7949D-0A92-4DB1-8841-ABCDAD472ACD}.Debug|Any CPU.ActiveCfg = Debug|Any CPU
		{28C7949D-0A92-4DB1-8841-ABCDAD472ACD}.Debug|Any CPU.Build.0 = Debug|Any CPU
		{28C7949D-0A92-4DB1-8841-ABCDAD472ACD}.Release|Any CPU.ActiveCfg = Release|Any CPU
		{28C7949D-0A92-4DB1-8841-ABCDAD472ACD}.Release|Any CPU.Build.0 = Release|Any CPU
		{4151E1C0-36E2-4BEF-AA65-95F89E3B8633}.Debug|Any CPU.ActiveCfg = Debug|Any CPU
		{4151E1C0-36E2-4BEF-AA65-95F89E3B8633}.Debug|Any CPU.Build.0 = Debug|Any CPU
		{4151E1C0-36E2-4BEF-AA65-95F89E3B8633}.Release|Any CPU.ActiveCfg = Release|Any CPU
		{4151E1C0-36E2-4BEF-AA65-95F89E3B8633}.Release|Any CPU.Build.0 = Release|Any CPU
		{A83AF369-C59F-4641-B32F-6EE9B10C9757}.Debug|Any CPU.ActiveCfg = Debug|Any CPU
		{A83AF369-C59F-4641-B32F-6EE9B10C9757}.Debug|Any CPU.Build.0 = Debug|Any CPU
		{A83AF369-C59F-4641-B32F-6EE9B10C9757}.Release|Any CPU.ActiveCfg = Release|Any CPU
		{A83AF369-C59F-4641-B32F-6EE9B10C9757}.Release|Any CPU.Build.0 = Release|Any CPU
	EndGlobalSection
	GlobalSection(SolutionProperties) = preSolution
		HideSolutionNode = FALSE
	EndGlobalSection
	GlobalSection(ExtensibilityGlobals) = postSolution
		SolutionGuid = {03D92D8D-C017-4CE5-A268-612B51CB2453}
	EndGlobalSection
EndGlobal
